
Microsoft Visual Studio Solution File, Format Version 12.00
Project("{FAE04EC0-301F-11D3-BF4B-00C04F79EFBC}") = "Russkyc.DependencyInjection", "Russkyc.DependencyInjection\Russkyc.DependencyInjection.csproj", "{9C282D0A-E943-4D04-96A9-F549451E9748}"
EndProject
Project("{FAE04EC0-301F-11D3-BF4B-00C04F79EFBC}") = "Russkyc.DepencyInjection.Demo", "Russkyc.DependencyInjection.Demo\Russkyc.DepencyInjection.Demo.csproj", "{1789D627-EAD3-40AB-BD59-D4E6A04F95CA}"
EndProject
Project("{FAE04EC0-301F-11D3-BF4B-00C04F79EFBC}") = "TestNewAssembly", "TestNewAssembly\TestNewAssembly.csproj", "{23101A1A-39A9-43CD-BB4A-D939CA400B62}"
EndProject
Global
	GlobalSection(SolutionConfigurationPlatforms) = preSolution
		Debug|Any CPU = Debug|Any CPU
		Release|Any CPU = Release|Any CPU
	EndGlobalSection
	GlobalSection(ProjectConfigurationPlatforms) = postSolution
		{9C282D0A-E943-4D04-96A9-F549451E9748}.Debug|Any CPU.ActiveCfg = Debug|Any CPU
		{9C282D0A-E943-4D04-96A9-F549451E9748}.Debug|Any CPU.Build.0 = Debug|Any CPU
		{9C282D0A-E943-4D04-96A9-F549451E9748}.Release|Any CPU.ActiveCfg = Release|Any CPU
		{9C282D0A-E943-4D04-96A9-F549451E9748}.Release|Any CPU.Build.0 = Release|Any CPU
		{1789D627-EAD3-40AB-BD59-D4E6A04F95CA}.Debug|Any CPU.ActiveCfg = Debug|Any CPU
		{1789D627-EAD3-40AB-BD59-D4E6A04F95CA}.Debug|Any CPU.Build.0 = Debug|Any CPU
		{1789D627-EAD3-40AB-BD59-D4E6A04F95CA}.Release|Any CPU.ActiveCfg = Release|Any CPU
		{1789D627-EAD3-40AB-BD59-D4E6A04F95CA}.Release|Any CPU.Build.0 = Release|Any CPU
		{23101A1A-39A9-43CD-BB4A-D939CA400B62}.Debug|Any CPU.ActiveCfg = Debug|Any CPU
		{23101A1A-39A9-43CD-BB4A-D939CA400B62}.Debug|Any CPU.Build.0 = Debug|Any CPU
		{23101A1A-39A9-43CD-BB4A-D939CA400B62}.Release|Any CPU.ActiveCfg = Release|Any CPU
		{23101A1A-39A9-43CD-BB4A-D939CA400B62}.Release|Any CPU.Build.0 = Release|Any CPU
	EndGlobalSection
	GlobalSection(NestedProjects) = preSolution
	EndGlobalSection
EndGlobal
